
Microsoft Visual Studio Solution File, Format Version 12.00
# Visual Studio Version 16
VisualStudioVersion = 16.0.32126.315
MinimumVisualStudioVersion = 10.0.40219.1
Project("{8BC9CEB8-8B4A-11D0-8D11-00A0C91BC942}") = "TreinamentoCPP", "TreinamentoCPP\TreinamentoCPP.vcxproj", "{0A7A3738-B582-47AD-8656-117F66358993}"
EndProject
Project("{8BC9CEB8-8B4A-11D0-8D11-00A0C91BC942}") = "PrimeiroCodigo", "PrimeiroCodigo\PrimeiroCodigo\PrimeiroCodigo.vcxproj", "{8DA73C0F-6586-4E58-901D-287864935812}"
EndProject
Project("{8BC9CEB8-8B4A-11D0-8D11-00A0C91BC942}") = "ConceitoVariavel", "ConceitoVariavel\ConceitoVariavel\ConceitoVariavel.vcxproj", "{A1AA4710-D9A9-4F90-AB4A-99FAEC625412}"
EndProject
Project("{8BC9CEB8-8B4A-11D0-8D11-00A0C91BC942}") = "TiposDeVariaveis", "TiposDeVariaveis\TiposDeVariaveis\TiposDeVariaveis.vcxproj", "{5AD6A94D-AA1A-4A09-B962-AB6D8E173DAE}"
EndProject
Project("{8BC9CEB8-8B4A-11D0-8D11-00A0C91BC942}") = "Tarefa04", "Tarefa04\Tarefa04.vcxproj", "{AD7845AC-15F7-4E6D-9D82-9B193E165577}"
EndProject
Project("{8BC9CEB8-8B4A-11D0-8D11-00A0C91BC942}") = "ModificadoresDeTipo", "ModificadoresDeTipo\ModificadoresDeTipo.vcxproj", "{9F000752-2288-4992-B9D8-E487EF041E2A}"
EndProject
Project("{8BC9CEB8-8B4A-11D0-8D11-00A0C91BC942}") = "ConstantesConst", "ConstantesConst\ConstantesConst.vcxproj", "{D8901182-E7FA-4237-BE2B-D81FC0018012}"
EndProject
Project("{8BC9CEB8-8B4A-11D0-8D11-00A0C91BC942}") = "EspacoDeNomes", "EspacoDeNomes\EspacoDeNomes.vcxproj", "{8D22F63E-3CA2-4921-95EB-F8DF24547660}"
EndProject
Project("{8BC9CEB8-8B4A-11D0-8D11-00A0C91BC942}") = "EntradaDeDados", "EntradaDeDados\EntradaDeDados.vcxproj", "{6CB1667A-9155-4D69-AE22-FCB1CB569985}"
EndProject
Project("{8BC9CEB8-8B4A-11D0-8D11-00A0C91BC942}") = "45_OperadoresAritmeticos", "45_OperadoresAritmeticos\45_OperadoresAritmeticos.vcxproj", "{79C89E71-97D7-4C19-A9CE-720AFCAAC01A}"
EndProject
Project("{8BC9CEB8-8B4A-11D0-8D11-00A0C91BC942}") = "46_Exercicio", "46_Exercicio\46_Exercicio.vcxproj", "{44321FDA-4705-4E2D-8037-1AE9BC38E135}"
EndProject
Project("{8BC9CEB8-8B4A-11D0-8D11-00A0C91BC942}") = "53_OperadoresLogicos", "53_OperadoresLogicos\53_OperadoresLogicos.vcxproj", "{49896556-B9DA-430E-8DBD-C8900B8CF891}"
EndProject
Project("{8BC9CEB8-8B4A-11D0-8D11-00A0C91BC942}") = "54_PrintF", "54_PrintF\54_PrintF.vcxproj", "{4B48ABC9-2473-46E0-9326-543D27B248EE}"
EndProject
Project("{8BC9CEB8-8B4A-11D0-8D11-00A0C91BC942}") = "56_IncrementoDecremento", "56_IncrementoDecremento\56_IncrementoDecremento.vcxproj", "{EB05C54A-83F7-4851-971C-49048AA8DEED}"
EndProject
Project("{8BC9CEB8-8B4A-11D0-8D11-00A0C91BC942}") = "SeEntaoIfElse", "SeEntaoIfElse\SeEntaoIfElse.vcxproj", "{579D8F59-FC3F-4B31-BF68-A2BF8069C5FE}"
EndProject
Project("{8BC9CEB8-8B4A-11D0-8D11-00A0C91BC942}") = "OperadorTernario", "OperadorTernario\OperadorTernario.vcxproj", "{C5F57D40-CFD9-44C3-BA30-61992DC62F2C}"
EndProject
Project("{8BC9CEB8-8B4A-11D0-8D11-00A0C91BC942}") = "SwitchCase", "SwitchCase\SwitchCase.vcxproj", "{EA442CF8-AE18-4F5B-9F3E-EBAE7C6D2E63}"
EndProject
Project("{8BC9CEB8-8B4A-11D0-8D11-00A0C91BC942}") = "68_LoopsWhile", "68_LoopsWhile\68_LoopsWhile.vcxproj", "{5B2A129D-4213-44C2-845A-E6D82F696548}"
EndProject
Project("{8BC9CEB8-8B4A-11D0-8D11-00A0C91BC942}") = "69_TarefaWhile", "69_TarefaWhile\69_TarefaWhile.vcxproj", "{D5D19BDC-0DF0-410B-ACCD-0A867F5CC6C7}"
EndProject
Project("{8BC9CEB8-8B4A-11D0-8D11-00A0C91BC942}") = "72_DoWhile", "72_DoWhile\72_DoWhile.vcxproj", "{DA50312E-0E46-429D-AF8C-16A58A9CBF03}"
EndProject
Project("{8BC9CEB8-8B4A-11D0-8D11-00A0C91BC942}") = "74_TarefaFor", "74_TarefaFor\74_TarefaFor.vcxproj", "{FC368FDD-B154-4630-9B67-1C54BB18812D}"
EndProject
Project("{8BC9CEB8-8B4A-11D0-8D11-00A0C91BC942}") = "75_RandomNumbers", "75_RandomNumbers\75_RandomNumbers.vcxproj", "{DBDAD250-1A0F-4F29-A6A5-CDADEB9C0D3F}"
EndProject
Project("{8BC9CEB8-8B4A-11D0-8D11-00A0C91BC942}") = "76_Funcoes", "76_Funcoes\76_Funcoes.vcxproj", "{666A3792-1F7B-4CC0-9CA0-A16E4B7CD81B}"
EndProject
Project("{8BC9CEB8-8B4A-11D0-8D11-00A0C91BC942}") = "78_PrototipoFuncoes", "78_PrototipoFuncoes\78_PrototipoFuncoes.vcxproj", "{6C369AA5-A8B8-4FB2-9137-96D38D0FCB5A}"
EndProject
Project("{8BC9CEB8-8B4A-11D0-8D11-00A0C91BC942}") = "FuncoesCodigos", "FuncoesCodigos\FuncoesCodigos.vcxproj", "{AA0D531A-1BC3-4B63-8156-0E857281943A}"
EndProject
Project("{8BC9CEB8-8B4A-11D0-8D11-00A0C91BC942}") = "84_TarefaCabecalho", "84_TarefaCabecalho\84_TarefaCabecalho.vcxproj", "{C63A46D2-9CFB-4649-8401-7F8771261AD8}"
EndProject
Project("{8BC9CEB8-8B4A-11D0-8D11-00A0C91BC942}") = "86_Namespaces", "86_Namespaces\86_Namespaces.vcxproj", "{9EBE49D2-546D-4B6C-A72F-5B32D27AC91A}"
EndProject
Project("{8BC9CEB8-8B4A-11D0-8D11-00A0C91BC942}") = "89_VariaveisLocais", "89_VariaveisLocais\89_VariaveisLocais.vcxproj", "{3BA82D92-B7E0-446B-B0AE-7D692360AB94}"
EndProject
Project("{8BC9CEB8-8B4A-11D0-8D11-00A0C91BC942}") = "VariavelEstatica", "VariavelEstatica\VariavelEstatica.vcxproj", "{E0325FFC-CA46-4D1B-902D-05E6FB8C479C}"
EndProject
Project("{8BC9CEB8-8B4A-11D0-8D11-00A0C91BC942}") = "93_ArgumentosPadrao", "93_ArgumentosPadrao\93_ArgumentosPadrao.vcxproj", "{F931084C-6DF2-47ED-A4B7-A89E87D874BD}"
EndProject
Project("{8BC9CEB8-8B4A-11D0-8D11-00A0C91BC942}") = "94_TarefaDoWhile", "94_TarefaDoWhile\94_TarefaDoWhile.vcxproj", "{6056458F-E384-43D0-91A5-DD18D122B172}"
EndProject
Project("{8BC9CEB8-8B4A-11D0-8D11-00A0C91BC942}") = "95_VariaveisMemoria", "95_VariaveisMemoria\95_VariaveisMemoria.vcxproj", "{8E4CAAC7-D0E2-4458-B653-5AD33CF4D137}"
EndProject
Project("{8BC9CEB8-8B4A-11D0-8D11-00A0C91BC942}") = "96_DeclarandoPonteiros", "96_DeclarandoPonteiros\96_DeclarandoPonteiros.vcxproj", "{D8076B49-BA36-42D7-A058-2D0B584124C3}"
EndProject
Project("{8BC9CEB8-8B4A-11D0-8D11-00A0C91BC942}") = "99_ConsolidandoPonteiros", "99_ConsolidandoPonteiros\99_ConsolidandoPonteiros.vcxproj", "{7B42C2C3-0A16-4CDA-8554-95A37288AFF5}"
EndProject
Project("{8BC9CEB8-8B4A-11D0-8D11-00A0C91BC942}") = "101_PonteiroGenerico", "101_PonteiroGenerico\101_PonteiroGenerico.vcxproj", "{67C7ED0A-CA6F-4D36-B5D8-8E72F90A5EB9}"
EndProject
Project("{8BC9CEB8-8B4A-11D0-8D11-00A0C91BC942}") = "103_TarefaPonteiro", "103_TarefaPonteiro\103_TarefaPonteiro.vcxproj", "{F37AFE05-F3ED-4633-B4F4-6FA658B7862A}"
EndProject
Project("{8BC9CEB8-8B4A-11D0-8D11-00A0C91BC942}") = "104_Referencias", "104_Referencias\104_Referencias.vcxproj", "{39CC164F-FD7B-429D-BE89-7BD30D743A99}"
EndProject
Project("{8BC9CEB8-8B4A-11D0-8D11-00A0C91BC942}") = "105_PraticandoConsolidandoReferencias", "105_PraticandoConsolidandoReferencias\105_PraticandoConsolidandoReferencias.vcxproj", "{DD26F867-0D55-497A-82B4-9BF2487D2D15}"
EndProject
Project("{8BC9CEB8-8B4A-11D0-8D11-00A0C91BC942}") = "107_ParametrosPorValor", "107_ParametrosPorValor\107_ParametrosPorValor.vcxproj", "{29C3BA47-286C-4C4F-8642-2443FA25B858}"
EndProject
Project("{8BC9CEB8-8B4A-11D0-8D11-00A0C91BC942}") = "110_ParametrosComPonteiros", "110_ParametrosComPonteiros\110_ParametrosComPonteiros.vcxproj", "{E2632002-DA33-4A7B-8A4A-5E0FA2A895CA}"
EndProject
Project("{8BC9CEB8-8B4A-11D0-8D11-00A0C91BC942}") = "112_ArraysVetores", "112_ArraysVetores\112_ArraysVetores.vcxproj", "{67CA8F91-287C-4FF2-B651-72A0F23FC30C}"
EndProject
Project("{8BC9CEB8-8B4A-11D0-8D11-00A0C91BC942}") = "117_TarefaArrays", "117_TarefaArrays\117_TarefaArrays.vcxproj", "{C4F4C455-4BA7-447D-AB52-51077EE7E2BA}"
EndProject
Project("{8BC9CEB8-8B4A-11D0-8D11-00A0C91BC942}") = "118_TarefaMaiorMenorArray", "118_TarefaMaiorMenorArray\118_TarefaMaiorMenorArray.vcxproj", "{5CDB6AF3-0165-4101-BCF5-491737C56C51}"
EndProject
Project("{8BC9CEB8-8B4A-11D0-8D11-00A0C91BC942}") = "119_PassandoArraysParaFuncoes", "119_PassandoArraysParaFuncoes\119_PassandoArraysParaFuncoes.vcxproj", "{1C28F9D1-662A-4D4A-BA8D-A8BF401BC4A6}"
EndProject
Project("{8BC9CEB8-8B4A-11D0-8D11-00A0C91BC942}") = "121_TarefaArraysInvertidos", "121_TarefaArraysInvertidos\121_TarefaArraysInvertidos.vcxproj", "{377F0B9F-7C57-4467-BBEB-3B865FD76BAE}"
EndProject
Global
	GlobalSection(SolutionConfigurationPlatforms) = preSolution
		Debug|x64 = Debug|x64
		Debug|x86 = Debug|x86
		Release|x64 = Release|x64
		Release|x86 = Release|x86
	EndGlobalSection
	GlobalSection(ProjectConfigurationPlatforms) = postSolution
		{0A7A3738-B582-47AD-8656-117F66358993}.Debug|x64.ActiveCfg = Debug|x64
		{0A7A3738-B582-47AD-8656-117F66358993}.Debug|x64.Build.0 = Debug|x64
		{0A7A3738-B582-47AD-8656-117F66358993}.Debug|x86.ActiveCfg = Debug|Win32
		{0A7A3738-B582-47AD-8656-117F66358993}.Debug|x86.Build.0 = Debug|Win32
		{0A7A3738-B582-47AD-8656-117F66358993}.Release|x64.ActiveCfg = Release|x64
		{0A7A3738-B582-47AD-8656-117F66358993}.Release|x64.Build.0 = Release|x64
		{0A7A3738-B582-47AD-8656-117F66358993}.Release|x86.ActiveCfg = Release|Win32
		{0A7A3738-B582-47AD-8656-117F66358993}.Release|x86.Build.0 = Release|Win32
		{8DA73C0F-6586-4E58-901D-287864935812}.Debug|x64.ActiveCfg = Debug|x64
		{8DA73C0F-6586-4E58-901D-287864935812}.Debug|x64.Build.0 = Debug|x64
		{8DA73C0F-6586-4E58-901D-287864935812}.Debug|x86.ActiveCfg = Debug|Win32
		{8DA73C0F-6586-4E58-901D-287864935812}.Debug|x86.Build.0 = Debug|Win32
		{8DA73C0F-6586-4E58-901D-287864935812}.Release|x64.ActiveCfg = Release|x64
		{8DA73C0F-6586-4E58-901D-287864935812}.Release|x64.Build.0 = Release|x64
		{8DA73C0F-6586-4E58-901D-287864935812}.Release|x86.ActiveCfg = Release|Win32
		{8DA73C0F-6586-4E58-901D-287864935812}.Release|x86.Build.0 = Release|Win32
		{A1AA4710-D9A9-4F90-AB4A-99FAEC625412}.Debug|x64.ActiveCfg = Debug|x64
		{A1AA4710-D9A9-4F90-AB4A-99FAEC625412}.Debug|x64.Build.0 = Debug|x64
		{A1AA4710-D9A9-4F90-AB4A-99FAEC625412}.Debug|x86.ActiveCfg = Debug|Win32
		{A1AA4710-D9A9-4F90-AB4A-99FAEC625412}.Debug|x86.Build.0 = Debug|Win32
		{A1AA4710-D9A9-4F90-AB4A-99FAEC625412}.Release|x64.ActiveCfg = Release|x64
		{A1AA4710-D9A9-4F90-AB4A-99FAEC625412}.Release|x64.Build.0 = Release|x64
		{A1AA4710-D9A9-4F90-AB4A-99FAEC625412}.Release|x86.ActiveCfg = Release|Win32
		{A1AA4710-D9A9-4F90-AB4A-99FAEC625412}.Release|x86.Build.0 = Release|Win32
		{5AD6A94D-AA1A-4A09-B962-AB6D8E173DAE}.Debug|x64.ActiveCfg = Debug|x64
		{5AD6A94D-AA1A-4A09-B962-AB6D8E173DAE}.Debug|x64.Build.0 = Debug|x64
		{5AD6A94D-AA1A-4A09-B962-AB6D8E173DAE}.Debug|x86.ActiveCfg = Debug|Win32
		{5AD6A94D-AA1A-4A09-B962-AB6D8E173DAE}.Debug|x86.Build.0 = Debug|Win32
		{5AD6A94D-AA1A-4A09-B962-AB6D8E173DAE}.Release|x64.ActiveCfg = Release|x64
		{5AD6A94D-AA1A-4A09-B962-AB6D8E173DAE}.Release|x64.Build.0 = Release|x64
		{5AD6A94D-AA1A-4A09-B962-AB6D8E173DAE}.Release|x86.ActiveCfg = Release|Win32
		{5AD6A94D-AA1A-4A09-B962-AB6D8E173DAE}.Release|x86.Build.0 = Release|Win32
		{AD7845AC-15F7-4E6D-9D82-9B193E165577}.Debug|x64.ActiveCfg = Debug|x64
		{AD7845AC-15F7-4E6D-9D82-9B193E165577}.Debug|x64.Build.0 = Debug|x64
		{AD7845AC-15F7-4E6D-9D82-9B193E165577}.Debug|x86.ActiveCfg = Debug|Win32
		{AD7845AC-15F7-4E6D-9D82-9B193E165577}.Debug|x86.Build.0 = Debug|Win32
		{AD7845AC-15F7-4E6D-9D82-9B193E165577}.Release|x64.ActiveCfg = Release|x64
		{AD7845AC-15F7-4E6D-9D82-9B193E165577}.Release|x64.Build.0 = Release|x64
		{AD7845AC-15F7-4E6D-9D82-9B193E165577}.Release|x86.ActiveCfg = Release|Win32
		{AD7845AC-15F7-4E6D-9D82-9B193E165577}.Release|x86.Build.0 = Release|Win32
		{9F000752-2288-4992-B9D8-E487EF041E2A}.Debug|x64.ActiveCfg = Debug|x64
		{9F000752-2288-4992-B9D8-E487EF041E2A}.Debug|x64.Build.0 = Debug|x64
		{9F000752-2288-4992-B9D8-E487EF041E2A}.Debug|x86.ActiveCfg = Debug|Win32
		{9F000752-2288-4992-B9D8-E487EF041E2A}.Debug|x86.Build.0 = Debug|Win32
		{9F000752-2288-4992-B9D8-E487EF041E2A}.Release|x64.ActiveCfg = Release|x64
		{9F000752-2288-4992-B9D8-E487EF041E2A}.Release|x64.Build.0 = Release|x64
		{9F000752-2288-4992-B9D8-E487EF041E2A}.Release|x86.ActiveCfg = Release|Win32
		{9F000752-2288-4992-B9D8-E487EF041E2A}.Release|x86.Build.0 = Release|Win32
		{D8901182-E7FA-4237-BE2B-D81FC0018012}.Debug|x64.ActiveCfg = Debug|x64
		{D8901182-E7FA-4237-BE2B-D81FC0018012}.Debug|x64.Build.0 = Debug|x64
		{D8901182-E7FA-4237-BE2B-D81FC0018012}.Debug|x86.ActiveCfg = Debug|Win32
		{D8901182-E7FA-4237-BE2B-D81FC0018012}.Debug|x86.Build.0 = Debug|Win32
		{D8901182-E7FA-4237-BE2B-D81FC0018012}.Release|x64.ActiveCfg = Release|x64
		{D8901182-E7FA-4237-BE2B-D81FC0018012}.Release|x64.Build.0 = Release|x64
		{D8901182-E7FA-4237-BE2B-D81FC0018012}.Release|x86.ActiveCfg = Release|Win32
		{D8901182-E7FA-4237-BE2B-D81FC0018012}.Release|x86.Build.0 = Release|Win32
		{8D22F63E-3CA2-4921-95EB-F8DF24547660}.Debug|x64.ActiveCfg = Debug|x64
		{8D22F63E-3CA2-4921-95EB-F8DF24547660}.Debug|x64.Build.0 = Debug|x64
		{8D22F63E-3CA2-4921-95EB-F8DF24547660}.Debug|x86.ActiveCfg = Debug|Win32
		{8D22F63E-3CA2-4921-95EB-F8DF24547660}.Debug|x86.Build.0 = Debug|Win32
		{8D22F63E-3CA2-4921-95EB-F8DF24547660}.Release|x64.ActiveCfg = Release|x64
		{8D22F63E-3CA2-4921-95EB-F8DF24547660}.Release|x64.Build.0 = Release|x64
		{8D22F63E-3CA2-4921-95EB-F8DF24547660}.Release|x86.ActiveCfg = Release|Win32
		{8D22F63E-3CA2-4921-95EB-F8DF24547660}.Release|x86.Build.0 = Release|Win32
		{6CB1667A-9155-4D69-AE22-FCB1CB569985}.Debug|x64.ActiveCfg = Debug|x64
		{6CB1667A-9155-4D69-AE22-FCB1CB569985}.Debug|x64.Build.0 = Debug|x64
		{6CB1667A-9155-4D69-AE22-FCB1CB569985}.Debug|x86.ActiveCfg = Debug|Win32
		{6CB1667A-9155-4D69-AE22-FCB1CB569985}.Debug|x86.Build.0 = Debug|Win32
		{6CB1667A-9155-4D69-AE22-FCB1CB569985}.Release|x64.ActiveCfg = Release|x64
		{6CB1667A-9155-4D69-AE22-FCB1CB569985}.Release|x64.Build.0 = Release|x64
		{6CB1667A-9155-4D69-AE22-FCB1CB569985}.Release|x86.ActiveCfg = Release|Win32
		{6CB1667A-9155-4D69-AE22-FCB1CB569985}.Release|x86.Build.0 = Release|Win32
		{79C89E71-97D7-4C19-A9CE-720AFCAAC01A}.Debug|x64.ActiveCfg = Debug|x64
		{79C89E71-97D7-4C19-A9CE-720AFCAAC01A}.Debug|x64.Build.0 = Debug|x64
		{79C89E71-97D7-4C19-A9CE-720AFCAAC01A}.Debug|x86.ActiveCfg = Debug|Win32
		{79C89E71-97D7-4C19-A9CE-720AFCAAC01A}.Debug|x86.Build.0 = Debug|Win32
		{79C89E71-97D7-4C19-A9CE-720AFCAAC01A}.Release|x64.ActiveCfg = Release|x64
		{79C89E71-97D7-4C19-A9CE-720AFCAAC01A}.Release|x64.Build.0 = Release|x64
		{79C89E71-97D7-4C19-A9CE-720AFCAAC01A}.Release|x86.ActiveCfg = Release|Win32
		{79C89E71-97D7-4C19-A9CE-720AFCAAC01A}.Release|x86.Build.0 = Release|Win32
		{44321FDA-4705-4E2D-8037-1AE9BC38E135}.Debug|x64.ActiveCfg = Debug|x64
		{44321FDA-4705-4E2D-8037-1AE9BC38E135}.Debug|x64.Build.0 = Debug|x64
		{44321FDA-4705-4E2D-8037-1AE9BC38E135}.Debug|x86.ActiveCfg = Debug|Win32
		{44321FDA-4705-4E2D-8037-1AE9BC38E135}.Debug|x86.Build.0 = Debug|Win32
		{44321FDA-4705-4E2D-8037-1AE9BC38E135}.Release|x64.ActiveCfg = Release|x64
		{44321FDA-4705-4E2D-8037-1AE9BC38E135}.Release|x64.Build.0 = Release|x64
		{44321FDA-4705-4E2D-8037-1AE9BC38E135}.Release|x86.ActiveCfg = Release|Win32
		{44321FDA-4705-4E2D-8037-1AE9BC38E135}.Release|x86.Build.0 = Release|Win32
		{49896556-B9DA-430E-8DBD-C8900B8CF891}.Debug|x64.ActiveCfg = Debug|x64
		{49896556-B9DA-430E-8DBD-C8900B8CF891}.Debug|x64.Build.0 = Debug|x64
		{49896556-B9DA-430E-8DBD-C8900B8CF891}.Debug|x86.ActiveCfg = Debug|Win32
		{49896556-B9DA-430E-8DBD-C8900B8CF891}.Debug|x86.Build.0 = Debug|Win32
		{49896556-B9DA-430E-8DBD-C8900B8CF891}.Release|x64.ActiveCfg = Release|x64
		{49896556-B9DA-430E-8DBD-C8900B8CF891}.Release|x64.Build.0 = Release|x64
		{49896556-B9DA-430E-8DBD-C8900B8CF891}.Release|x86.ActiveCfg = Release|Win32
		{49896556-B9DA-430E-8DBD-C8900B8CF891}.Release|x86.Build.0 = Release|Win32
		{4B48ABC9-2473-46E0-9326-543D27B248EE}.Debug|x64.ActiveCfg = Debug|x64
		{4B48ABC9-2473-46E0-9326-543D27B248EE}.Debug|x64.Build.0 = Debug|x64
		{4B48ABC9-2473-46E0-9326-543D27B248EE}.Debug|x86.ActiveCfg = Debug|Win32
		{4B48ABC9-2473-46E0-9326-543D27B248EE}.Debug|x86.Build.0 = Debug|Win32
		{4B48ABC9-2473-46E0-9326-543D27B248EE}.Release|x64.ActiveCfg = Release|x64
		{4B48ABC9-2473-46E0-9326-543D27B248EE}.Release|x64.Build.0 = Release|x64
		{4B48ABC9-2473-46E0-9326-543D27B248EE}.Release|x86.ActiveCfg = Release|Win32
		{4B48ABC9-2473-46E0-9326-543D27B248EE}.Release|x86.Build.0 = Release|Win32
		{EB05C54A-83F7-4851-971C-49048AA8DEED}.Debug|x64.ActiveCfg = Debug|x64
		{EB05C54A-83F7-4851-971C-49048AA8DEED}.Debug|x64.Build.0 = Debug|x64
		{EB05C54A-83F7-4851-971C-49048AA8DEED}.Debug|x86.ActiveCfg = Debug|Win32
		{EB05C54A-83F7-4851-971C-49048AA8DEED}.Debug|x86.Build.0 = Debug|Win32
		{EB05C54A-83F7-4851-971C-49048AA8DEED}.Release|x64.ActiveCfg = Release|x64
		{EB05C54A-83F7-4851-971C-49048AA8DEED}.Release|x64.Build.0 = Release|x64
		{EB05C54A-83F7-4851-971C-49048AA8DEED}.Release|x86.ActiveCfg = Release|Win32
		{EB05C54A-83F7-4851-971C-49048AA8DEED}.Release|x86.Build.0 = Release|Win32
		{579D8F59-FC3F-4B31-BF68-A2BF8069C5FE}.Debug|x64.ActiveCfg = Debug|x64
		{579D8F59-FC3F-4B31-BF68-A2BF8069C5FE}.Debug|x64.Build.0 = Debug|x64
		{579D8F59-FC3F-4B31-BF68-A2BF8069C5FE}.Debug|x86.ActiveCfg = Debug|Win32
		{579D8F59-FC3F-4B31-BF68-A2BF8069C5FE}.Debug|x86.Build.0 = Debug|Win32
		{579D8F59-FC3F-4B31-BF68-A2BF8069C5FE}.Release|x64.ActiveCfg = Release|x64
		{579D8F59-FC3F-4B31-BF68-A2BF8069C5FE}.Release|x64.Build.0 = Release|x64
		{579D8F59-FC3F-4B31-BF68-A2BF8069C5FE}.Release|x86.ActiveCfg = Release|Win32
		{579D8F59-FC3F-4B31-BF68-A2BF8069C5FE}.Release|x86.Build.0 = Release|Win32
		{C5F57D40-CFD9-44C3-BA30-61992DC62F2C}.Debug|x64.ActiveCfg = Debug|x64
		{C5F57D40-CFD9-44C3-BA30-61992DC62F2C}.Debug|x64.Build.0 = Debug|x64
		{C5F57D40-CFD9-44C3-BA30-61992DC62F2C}.Debug|x86.ActiveCfg = Debug|Win32
		{C5F57D40-CFD9-44C3-BA30-61992DC62F2C}.Debug|x86.Build.0 = Debug|Win32
		{C5F57D40-CFD9-44C3-BA30-61992DC62F2C}.Release|x64.ActiveCfg = Release|x64
		{C5F57D40-CFD9-44C3-BA30-61992DC62F2C}.Release|x64.Build.0 = Release|x64
		{C5F57D40-CFD9-44C3-BA30-61992DC62F2C}.Release|x86.ActiveCfg = Release|Win32
		{C5F57D40-CFD9-44C3-BA30-61992DC62F2C}.Release|x86.Build.0 = Release|Win32
		{EA442CF8-AE18-4F5B-9F3E-EBAE7C6D2E63}.Debug|x64.ActiveCfg = Debug|x64
		{EA442CF8-AE18-4F5B-9F3E-EBAE7C6D2E63}.Debug|x64.Build.0 = Debug|x64
		{EA442CF8-AE18-4F5B-9F3E-EBAE7C6D2E63}.Debug|x86.ActiveCfg = Debug|Win32
		{EA442CF8-AE18-4F5B-9F3E-EBAE7C6D2E63}.Debug|x86.Build.0 = Debug|Win32
		{EA442CF8-AE18-4F5B-9F3E-EBAE7C6D2E63}.Release|x64.ActiveCfg = Release|x64
		{EA442CF8-AE18-4F5B-9F3E-EBAE7C6D2E63}.Release|x64.Build.0 = Release|x64
		{EA442CF8-AE18-4F5B-9F3E-EBAE7C6D2E63}.Release|x86.ActiveCfg = Release|Win32
		{EA442CF8-AE18-4F5B-9F3E-EBAE7C6D2E63}.Release|x86.Build.0 = Release|Win32
		{5B2A129D-4213-44C2-845A-E6D82F696548}.Debug|x64.ActiveCfg = Debug|x64
		{5B2A129D-4213-44C2-845A-E6D82F696548}.Debug|x64.Build.0 = Debug|x64
		{5B2A129D-4213-44C2-845A-E6D82F696548}.Debug|x86.ActiveCfg = Debug|Win32
		{5B2A129D-4213-44C2-845A-E6D82F696548}.Debug|x86.Build.0 = Debug|Win32
		{5B2A129D-4213-44C2-845A-E6D82F696548}.Release|x64.ActiveCfg = Release|x64
		{5B2A129D-4213-44C2-845A-E6D82F696548}.Release|x64.Build.0 = Release|x64
		{5B2A129D-4213-44C2-845A-E6D82F696548}.Release|x86.ActiveCfg = Release|Win32
		{5B2A129D-4213-44C2-845A-E6D82F696548}.Release|x86.Build.0 = Release|Win32
		{D5D19BDC-0DF0-410B-ACCD-0A867F5CC6C7}.Debug|x64.ActiveCfg = Debug|x64
		{D5D19BDC-0DF0-410B-ACCD-0A867F5CC6C7}.Debug|x64.Build.0 = Debug|x64
		{D5D19BDC-0DF0-410B-ACCD-0A867F5CC6C7}.Debug|x86.ActiveCfg = Debug|Win32
		{D5D19BDC-0DF0-410B-ACCD-0A867F5CC6C7}.Debug|x86.Build.0 = Debug|Win32
		{D5D19BDC-0DF0-410B-ACCD-0A867F5CC6C7}.Release|x64.ActiveCfg = Release|x64
		{D5D19BDC-0DF0-410B-ACCD-0A867F5CC6C7}.Release|x64.Build.0 = Release|x64
		{D5D19BDC-0DF0-410B-ACCD-0A867F5CC6C7}.Release|x86.ActiveCfg = Release|Win32
		{D5D19BDC-0DF0-410B-ACCD-0A867F5CC6C7}.Release|x86.Build.0 = Release|Win32
		{DA50312E-0E46-429D-AF8C-16A58A9CBF03}.Debug|x64.ActiveCfg = Debug|x64
		{DA50312E-0E46-429D-AF8C-16A58A9CBF03}.Debug|x64.Build.0 = Debug|x64
		{DA50312E-0E46-429D-AF8C-16A58A9CBF03}.Debug|x86.ActiveCfg = Debug|Win32
		{DA50312E-0E46-429D-AF8C-16A58A9CBF03}.Debug|x86.Build.0 = Debug|Win32
		{DA50312E-0E46-429D-AF8C-16A58A9CBF03}.Release|x64.ActiveCfg = Release|x64
		{DA50312E-0E46-429D-AF8C-16A58A9CBF03}.Release|x64.Build.0 = Release|x64
		{DA50312E-0E46-429D-AF8C-16A58A9CBF03}.Release|x86.ActiveCfg = Release|Win32
		{DA50312E-0E46-429D-AF8C-16A58A9CBF03}.Release|x86.Build.0 = Release|Win32
		{FC368FDD-B154-4630-9B67-1C54BB18812D}.Debug|x64.ActiveCfg = Debug|x64
		{FC368FDD-B154-4630-9B67-1C54BB18812D}.Debug|x64.Build.0 = Debug|x64
		{FC368FDD-B154-4630-9B67-1C54BB18812D}.Debug|x86.ActiveCfg = Debug|Win32
		{FC368FDD-B154-4630-9B67-1C54BB18812D}.Debug|x86.Build.0 = Debug|Win32
		{FC368FDD-B154-4630-9B67-1C54BB18812D}.Release|x64.ActiveCfg = Release|x64
		{FC368FDD-B154-4630-9B67-1C54BB18812D}.Release|x64.Build.0 = Release|x64
		{FC368FDD-B154-4630-9B67-1C54BB18812D}.Release|x86.ActiveCfg = Release|Win32
		{FC368FDD-B154-4630-9B67-1C54BB18812D}.Release|x86.Build.0 = Release|Win32
		{DBDAD250-1A0F-4F29-A6A5-CDADEB9C0D3F}.Debug|x64.ActiveCfg = Debug|x64
		{DBDAD250-1A0F-4F29-A6A5-CDADEB9C0D3F}.Debug|x64.Build.0 = Debug|x64
		{DBDAD250-1A0F-4F29-A6A5-CDADEB9C0D3F}.Debug|x86.ActiveCfg = Debug|Win32
		{DBDAD250-1A0F-4F29-A6A5-CDADEB9C0D3F}.Debug|x86.Build.0 = Debug|Win32
		{DBDAD250-1A0F-4F29-A6A5-CDADEB9C0D3F}.Release|x64.ActiveCfg = Release|x64
		{DBDAD250-1A0F-4F29-A6A5-CDADEB9C0D3F}.Release|x64.Build.0 = Release|x64
		{DBDAD250-1A0F-4F29-A6A5-CDADEB9C0D3F}.Release|x86.ActiveCfg = Release|Win32
		{DBDAD250-1A0F-4F29-A6A5-CDADEB9C0D3F}.Release|x86.Build.0 = Release|Win32
		{666A3792-1F7B-4CC0-9CA0-A16E4B7CD81B}.Debug|x64.ActiveCfg = Debug|x64
		{666A3792-1F7B-4CC0-9CA0-A16E4B7CD81B}.Debug|x64.Build.0 = Debug|x64
		{666A3792-1F7B-4CC0-9CA0-A16E4B7CD81B}.Debug|x86.ActiveCfg = Debug|Win32
		{666A3792-1F7B-4CC0-9CA0-A16E4B7CD81B}.Debug|x86.Build.0 = Debug|Win32
		{666A3792-1F7B-4CC0-9CA0-A16E4B7CD81B}.Release|x64.ActiveCfg = Release|x64
		{666A3792-1F7B-4CC0-9CA0-A16E4B7CD81B}.Release|x64.Build.0 = Release|x64
		{666A3792-1F7B-4CC0-9CA0-A16E4B7CD81B}.Release|x86.ActiveCfg = Release|Win32
		{666A3792-1F7B-4CC0-9CA0-A16E4B7CD81B}.Release|x86.Build.0 = Release|Win32
		{6C369AA5-A8B8-4FB2-9137-96D38D0FCB5A}.Debug|x64.ActiveCfg = Debug|x64
		{6C369AA5-A8B8-4FB2-9137-96D38D0FCB5A}.Debug|x64.Build.0 = Debug|x64
		{6C369AA5-A8B8-4FB2-9137-96D38D0FCB5A}.Debug|x86.ActiveCfg = Debug|Win32
		{6C369AA5-A8B8-4FB2-9137-96D38D0FCB5A}.Debug|x86.Build.0 = Debug|Win32
		{6C369AA5-A8B8-4FB2-9137-96D38D0FCB5A}.Release|x64.ActiveCfg = Release|x64
		{6C369AA5-A8B8-4FB2-9137-96D38D0FCB5A}.Release|x64.Build.0 = Release|x64
		{6C369AA5-A8B8-4FB2-9137-96D38D0FCB5A}.Release|x86.ActiveCfg = Release|Win32
		{6C369AA5-A8B8-4FB2-9137-96D38D0FCB5A}.Release|x86.Build.0 = Release|Win32
		{AA0D531A-1BC3-4B63-8156-0E857281943A}.Debug|x64.ActiveCfg = Debug|x64
		{AA0D531A-1BC3-4B63-8156-0E857281943A}.Debug|x64.Build.0 = Debug|x64
		{AA0D531A-1BC3-4B63-8156-0E857281943A}.Debug|x86.ActiveCfg = Debug|Win32
		{AA0D531A-1BC3-4B63-8156-0E857281943A}.Debug|x86.Build.0 = Debug|Win32
		{AA0D531A-1BC3-4B63-8156-0E857281943A}.Release|x64.ActiveCfg = Release|x64
		{AA0D531A-1BC3-4B63-8156-0E857281943A}.Release|x64.Build.0 = Release|x64
		{AA0D531A-1BC3-4B63-8156-0E857281943A}.Release|x86.ActiveCfg = Release|Win32
		{AA0D531A-1BC3-4B63-8156-0E857281943A}.Release|x86.Build.0 = Release|Win32
		{C63A46D2-9CFB-4649-8401-7F8771261AD8}.Debug|x64.ActiveCfg = Debug|x64
		{C63A46D2-9CFB-4649-8401-7F8771261AD8}.Debug|x64.Build.0 = Debug|x64
		{C63A46D2-9CFB-4649-8401-7F8771261AD8}.Debug|x86.ActiveCfg = Debug|Win32
		{C63A46D2-9CFB-4649-8401-7F8771261AD8}.Debug|x86.Build.0 = Debug|Win32
		{C63A46D2-9CFB-4649-8401-7F8771261AD8}.Release|x64.ActiveCfg = Release|x64
		{C63A46D2-9CFB-4649-8401-7F8771261AD8}.Release|x64.Build.0 = Release|x64
		{C63A46D2-9CFB-4649-8401-7F8771261AD8}.Release|x86.ActiveCfg = Release|Win32
		{C63A46D2-9CFB-4649-8401-7F8771261AD8}.Release|x86.Build.0 = Release|Win32
		{9EBE49D2-546D-4B6C-A72F-5B32D27AC91A}.Debug|x64.ActiveCfg = Debug|x64
		{9EBE49D2-546D-4B6C-A72F-5B32D27AC91A}.Debug|x64.Build.0 = Debug|x64
		{9EBE49D2-546D-4B6C-A72F-5B32D27AC91A}.Debug|x86.ActiveCfg = Debug|Win32
		{9EBE49D2-546D-4B6C-A72F-5B32D27AC91A}.Debug|x86.Build.0 = Debug|Win32
		{9EBE49D2-546D-4B6C-A72F-5B32D27AC91A}.Release|x64.ActiveCfg = Release|x64
		{9EBE49D2-546D-4B6C-A72F-5B32D27AC91A}.Release|x64.Build.0 = Release|x64
		{9EBE49D2-546D-4B6C-A72F-5B32D27AC91A}.Release|x86.ActiveCfg = Release|Win32
		{9EBE49D2-546D-4B6C-A72F-5B32D27AC91A}.Release|x86.Build.0 = Release|Win32
		{3BA82D92-B7E0-446B-B0AE-7D692360AB94}.Debug|x64.ActiveCfg = Debug|x64
		{3BA82D92-B7E0-446B-B0AE-7D692360AB94}.Debug|x64.Build.0 = Debug|x64
		{3BA82D92-B7E0-446B-B0AE-7D692360AB94}.Debug|x86.ActiveCfg = Debug|Win32
		{3BA82D92-B7E0-446B-B0AE-7D692360AB94}.Debug|x86.Build.0 = Debug|Win32
		{3BA82D92-B7E0-446B-B0AE-7D692360AB94}.Release|x64.ActiveCfg = Release|x64
		{3BA82D92-B7E0-446B-B0AE-7D692360AB94}.Release|x64.Build.0 = Release|x64
		{3BA82D92-B7E0-446B-B0AE-7D692360AB94}.Release|x86.ActiveCfg = Release|Win32
		{3BA82D92-B7E0-446B-B0AE-7D692360AB94}.Release|x86.Build.0 = Release|Win32
		{E0325FFC-CA46-4D1B-902D-05E6FB8C479C}.Debug|x64.ActiveCfg = Debug|x64
		{E0325FFC-CA46-4D1B-902D-05E6FB8C479C}.Debug|x64.Build.0 = Debug|x64
		{E0325FFC-CA46-4D1B-902D-05E6FB8C479C}.Debug|x86.ActiveCfg = Debug|Win32
		{E0325FFC-CA46-4D1B-902D-05E6FB8C479C}.Debug|x86.Build.0 = Debug|Win32
		{E0325FFC-CA46-4D1B-902D-05E6FB8C479C}.Release|x64.ActiveCfg = Release|x64
		{E0325FFC-CA46-4D1B-902D-05E6FB8C479C}.Release|x64.Build.0 = Release|x64
		{E0325FFC-CA46-4D1B-902D-05E6FB8C479C}.Release|x86.ActiveCfg = Release|Win32
		{E0325FFC-CA46-4D1B-902D-05E6FB8C479C}.Release|x86.Build.0 = Release|Win32
		{F931084C-6DF2-47ED-A4B7-A89E87D874BD}.Debug|x64.ActiveCfg = Debug|x64
		{F931084C-6DF2-47ED-A4B7-A89E87D874BD}.Debug|x64.Build.0 = Debug|x64
		{F931084C-6DF2-47ED-A4B7-A89E87D874BD}.Debug|x86.ActiveCfg = Debug|Win32
		{F931084C-6DF2-47ED-A4B7-A89E87D874BD}.Debug|x86.Build.0 = Debug|Win32
		{F931084C-6DF2-47ED-A4B7-A89E87D874BD}.Release|x64.ActiveCfg = Release|x64
		{F931084C-6DF2-47ED-A4B7-A89E87D874BD}.Release|x64.Build.0 = Release|x64
		{F931084C-6DF2-47ED-A4B7-A89E87D874BD}.Release|x86.ActiveCfg = Release|Win32
		{F931084C-6DF2-47ED-A4B7-A89E87D874BD}.Release|x86.Build.0 = Release|Win32
		{6056458F-E384-43D0-91A5-DD18D122B172}.Debug|x64.ActiveCfg = Debug|x64
		{6056458F-E384-43D0-91A5-DD18D122B172}.Debug|x64.Build.0 = Debug|x64
		{6056458F-E384-43D0-91A5-DD18D122B172}.Debug|x86.ActiveCfg = Debug|Win32
		{6056458F-E384-43D0-91A5-DD18D122B172}.Debug|x86.Build.0 = Debug|Win32
		{6056458F-E384-43D0-91A5-DD18D122B172}.Release|x64.ActiveCfg = Release|x64
		{6056458F-E384-43D0-91A5-DD18D122B172}.Release|x64.Build.0 = Release|x64
		{6056458F-E384-43D0-91A5-DD18D122B172}.Release|x86.ActiveCfg = Release|Win32
		{6056458F-E384-43D0-91A5-DD18D122B172}.Release|x86.Build.0 = Release|Win32
		{8E4CAAC7-D0E2-4458-B653-5AD33CF4D137}.Debug|x64.ActiveCfg = Debug|x64
		{8E4CAAC7-D0E2-4458-B653-5AD33CF4D137}.Debug|x64.Build.0 = Debug|x64
		{8E4CAAC7-D0E2-4458-B653-5AD33CF4D137}.Debug|x86.ActiveCfg = Debug|Win32
		{8E4CAAC7-D0E2-4458-B653-5AD33CF4D137}.Debug|x86.Build.0 = Debug|Win32
		{8E4CAAC7-D0E2-4458-B653-5AD33CF4D137}.Release|x64.ActiveCfg = Release|x64
		{8E4CAAC7-D0E2-4458-B653-5AD33CF4D137}.Release|x64.Build.0 = Release|x64
		{8E4CAAC7-D0E2-4458-B653-5AD33CF4D137}.Release|x86.ActiveCfg = Release|Win32
		{8E4CAAC7-D0E2-4458-B653-5AD33CF4D137}.Release|x86.Build.0 = Release|Win32
		{D8076B49-BA36-42D7-A058-2D0B584124C3}.Debug|x64.ActiveCfg = Debug|x64
		{D8076B49-BA36-42D7-A058-2D0B584124C3}.Debug|x64.Build.0 = Debug|x64
		{D8076B49-BA36-42D7-A058-2D0B584124C3}.Debug|x86.ActiveCfg = Debug|Win32
		{D8076B49-BA36-42D7-A058-2D0B584124C3}.Debug|x86.Build.0 = Debug|Win32
		{D8076B49-BA36-42D7-A058-2D0B584124C3}.Release|x64.ActiveCfg = Release|x64
		{D8076B49-BA36-42D7-A058-2D0B584124C3}.Release|x64.Build.0 = Release|x64
		{D8076B49-BA36-42D7-A058-2D0B584124C3}.Release|x86.ActiveCfg = Release|Win32
		{D8076B49-BA36-42D7-A058-2D0B584124C3}.Release|x86.Build.0 = Release|Win32
		{7B42C2C3-0A16-4CDA-8554-95A37288AFF5}.Debug|x64.ActiveCfg = Debug|x64
		{7B42C2C3-0A16-4CDA-8554-95A37288AFF5}.Debug|x64.Build.0 = Debug|x64
		{7B42C2C3-0A16-4CDA-8554-95A37288AFF5}.Debug|x86.ActiveCfg = Debug|Win32
		{7B42C2C3-0A16-4CDA-8554-95A37288AFF5}.Debug|x86.Build.0 = Debug|Win32
		{7B42C2C3-0A16-4CDA-8554-95A37288AFF5}.Release|x64.ActiveCfg = Release|x64
		{7B42C2C3-0A16-4CDA-8554-95A37288AFF5}.Release|x64.Build.0 = Release|x64
		{7B42C2C3-0A16-4CDA-8554-95A37288AFF5}.Release|x86.ActiveCfg = Release|Win32
		{7B42C2C3-0A16-4CDA-8554-95A37288AFF5}.Release|x86.Build.0 = Release|Win32
		{67C7ED0A-CA6F-4D36-B5D8-8E72F90A5EB9}.Debug|x64.ActiveCfg = Debug|x64
		{67C7ED0A-CA6F-4D36-B5D8-8E72F90A5EB9}.Debug|x64.Build.0 = Debug|x64
		{67C7ED0A-CA6F-4D36-B5D8-8E72F90A5EB9}.Debug|x86.ActiveCfg = Debug|Win32
		{67C7ED0A-CA6F-4D36-B5D8-8E72F90A5EB9}.Debug|x86.Build.0 = Debug|Win32
		{67C7ED0A-CA6F-4D36-B5D8-8E72F90A5EB9}.Release|x64.ActiveCfg = Release|x64
		{67C7ED0A-CA6F-4D36-B5D8-8E72F90A5EB9}.Release|x64.Build.0 = Release|x64
		{67C7ED0A-CA6F-4D36-B5D8-8E72F90A5EB9}.Release|x86.ActiveCfg = Release|Win32
		{67C7ED0A-CA6F-4D36-B5D8-8E72F90A5EB9}.Release|x86.Build.0 = Release|Win32
		{F37AFE05-F3ED-4633-B4F4-6FA658B7862A}.Debug|x64.ActiveCfg = Debug|x64
		{F37AFE05-F3ED-4633-B4F4-6FA658B7862A}.Debug|x64.Build.0 = Debug|x64
		{F37AFE05-F3ED-4633-B4F4-6FA658B7862A}.Debug|x86.ActiveCfg = Debug|Win32
		{F37AFE05-F3ED-4633-B4F4-6FA658B7862A}.Debug|x86.Build.0 = Debug|Win32
		{F37AFE05-F3ED-4633-B4F4-6FA658B7862A}.Release|x64.ActiveCfg = Release|x64
		{F37AFE05-F3ED-4633-B4F4-6FA658B7862A}.Release|x64.Build.0 = Release|x64
		{F37AFE05-F3ED-4633-B4F4-6FA658B7862A}.Release|x86.ActiveCfg = Release|Win32
		{F37AFE05-F3ED-4633-B4F4-6FA658B7862A}.Release|x86.Build.0 = Release|Win32
		{39CC164F-FD7B-429D-BE89-7BD30D743A99}.Debug|x64.ActiveCfg = Debug|x64
		{39CC164F-FD7B-429D-BE89-7BD30D743A99}.Debug|x64.Build.0 = Debug|x64
		{39CC164F-FD7B-429D-BE89-7BD30D743A99}.Debug|x86.ActiveCfg = Debug|Win32
		{39CC164F-FD7B-429D-BE89-7BD30D743A99}.Debug|x86.Build.0 = Debug|Win32
		{39CC164F-FD7B-429D-BE89-7BD30D743A99}.Release|x64.ActiveCfg = Release|x64
		{39CC164F-FD7B-429D-BE89-7BD30D743A99}.Release|x64.Build.0 = Release|x64
		{39CC164F-FD7B-429D-BE89-7BD30D743A99}.Release|x86.ActiveCfg = Release|Win32
		{39CC164F-FD7B-429D-BE89-7BD30D743A99}.Release|x86.Build.0 = Release|Win32
		{DD26F867-0D55-497A-82B4-9BF2487D2D15}.Debug|x64.ActiveCfg = Debug|x64
		{DD26F867-0D55-497A-82B4-9BF2487D2D15}.Debug|x64.Build.0 = Debug|x64
		{DD26F867-0D55-497A-82B4-9BF2487D2D15}.Debug|x86.ActiveCfg = Debug|Win32
		{DD26F867-0D55-497A-82B4-9BF2487D2D15}.Debug|x86.Build.0 = Debug|Win32
		{DD26F867-0D55-497A-82B4-9BF2487D2D15}.Release|x64.ActiveCfg = Release|x64
		{DD26F867-0D55-497A-82B4-9BF2487D2D15}.Release|x64.Build.0 = Release|x64
		{DD26F867-0D55-497A-82B4-9BF2487D2D15}.Release|x86.ActiveCfg = Release|Win32
		{DD26F867-0D55-497A-82B4-9BF2487D2D15}.Release|x86.Build.0 = Release|Win32
		{29C3BA47-286C-4C4F-8642-2443FA25B858}.Debug|x64.ActiveCfg = Debug|x64
		{29C3BA47-286C-4C4F-8642-2443FA25B858}.Debug|x64.Build.0 = Debug|x64
		{29C3BA47-286C-4C4F-8642-2443FA25B858}.Debug|x86.ActiveCfg = Debug|Win32
		{29C3BA47-286C-4C4F-8642-2443FA25B858}.Debug|x86.Build.0 = Debug|Win32
		{29C3BA47-286C-4C4F-8642-2443FA25B858}.Release|x64.ActiveCfg = Release|x64
		{29C3BA47-286C-4C4F-8642-2443FA25B858}.Release|x64.Build.0 = Release|x64
		{29C3BA47-286C-4C4F-8642-2443FA25B858}.Release|x86.ActiveCfg = Release|Win32
		{29C3BA47-286C-4C4F-8642-2443FA25B858}.Release|x86.Build.0 = Release|Win32
		{E2632002-DA33-4A7B-8A4A-5E0FA2A895CA}.Debug|x64.ActiveCfg = Debug|x64
		{E2632002-DA33-4A7B-8A4A-5E0FA2A895CA}.Debug|x64.Build.0 = Debug|x64
		{E2632002-DA33-4A7B-8A4A-5E0FA2A895CA}.Debug|x86.ActiveCfg = Debug|Win32
		{E2632002-DA33-4A7B-8A4A-5E0FA2A895CA}.Debug|x86.Build.0 = Debug|Win32
		{E2632002-DA33-4A7B-8A4A-5E0FA2A895CA}.Release|x64.ActiveCfg = Release|x64
		{E2632002-DA33-4A7B-8A4A-5E0FA2A895CA}.Release|x64.Build.0 = Release|x64
		{E2632002-DA33-4A7B-8A4A-5E0FA2A895CA}.Release|x86.ActiveCfg = Release|Win32
		{E2632002-DA33-4A7B-8A4A-5E0FA2A895CA}.Release|x86.Build.0 = Release|Win32
		{67CA8F91-287C-4FF2-B651-72A0F23FC30C}.Debug|x64.ActiveCfg = Debug|x64
		{67CA8F91-287C-4FF2-B651-72A0F23FC30C}.Debug|x64.Build.0 = Debug|x64
		{67CA8F91-287C-4FF2-B651-72A0F23FC30C}.Debug|x86.ActiveCfg = Debug|Win32
		{67CA8F91-287C-4FF2-B651-72A0F23FC30C}.Debug|x86.Build.0 = Debug|Win32
		{67CA8F91-287C-4FF2-B651-72A0F23FC30C}.Release|x64.ActiveCfg = Release|x64
		{67CA8F91-287C-4FF2-B651-72A0F23FC30C}.Release|x64.Build.0 = Release|x64
		{67CA8F91-287C-4FF2-B651-72A0F23FC30C}.Release|x86.ActiveCfg = Release|Win32
		{67CA8F91-287C-4FF2-B651-72A0F23FC30C}.Release|x86.Build.0 = Release|Win32
		{C4F4C455-4BA7-447D-AB52-51077EE7E2BA}.Debug|x64.ActiveCfg = Debug|x64
		{C4F4C455-4BA7-447D-AB52-51077EE7E2BA}.Debug|x64.Build.0 = Debug|x64
		{C4F4C455-4BA7-447D-AB52-51077EE7E2BA}.Debug|x86.ActiveCfg = Debug|Win32
		{C4F4C455-4BA7-447D-AB52-51077EE7E2BA}.Debug|x86.Build.0 = Debug|Win32
		{C4F4C455-4BA7-447D-AB52-51077EE7E2BA}.Release|x64.ActiveCfg = Release|x64
		{C4F4C455-4BA7-447D-AB52-51077EE7E2BA}.Release|x64.Build.0 = Release|x64
		{C4F4C455-4BA7-447D-AB52-51077EE7E2BA}.Release|x86.ActiveCfg = Release|Win32
		{C4F4C455-4BA7-447D-AB52-51077EE7E2BA}.Release|x86.Build.0 = Release|Win32
		{5CDB6AF3-0165-4101-BCF5-491737C56C51}.Debug|x64.ActiveCfg = Debug|x64
		{5CDB6AF3-0165-4101-BCF5-491737C56C51}.Debug|x64.Build.0 = Debug|x64
		{5CDB6AF3-0165-4101-BCF5-491737C56C51}.Debug|x86.ActiveCfg = Debug|Win32
		{5CDB6AF3-0165-4101-BCF5-491737C56C51}.Debug|x86.Build.0 = Debug|Win32
		{5CDB6AF3-0165-4101-BCF5-491737C56C51}.Release|x64.ActiveCfg = Release|x64
		{5CDB6AF3-0165-4101-BCF5-491737C56C51}.Release|x64.Build.0 = Release|x64
		{5CDB6AF3-0165-4101-BCF5-491737C56C51}.Release|x86.ActiveCfg = Release|Win32
		{5CDB6AF3-0165-4101-BCF5-491737C56C51}.Release|x86.Build.0 = Release|Win32
		{1C28F9D1-662A-4D4A-BA8D-A8BF401BC4A6}.Debug|x64.ActiveCfg = Debug|x64
		{1C28F9D1-662A-4D4A-BA8D-A8BF401BC4A6}.Debug|x64.Build.0 = Debug|x64
		{1C28F9D1-662A-4D4A-BA8D-A8BF401BC4A6}.Debug|x86.ActiveCfg = Debug|Win32
		{1C28F9D1-662A-4D4A-BA8D-A8BF401BC4A6}.Debug|x86.Build.0 = Debug|Win32
		{1C28F9D1-662A-4D4A-BA8D-A8BF401BC4A6}.Release|x64.ActiveCfg = Release|x64
		{1C28F9D1-662A-4D4A-BA8D-A8BF401BC4A6}.Release|x64.Build.0 = Release|x64
		{1C28F9D1-662A-4D4A-BA8D-A8BF401BC4A6}.Release|x86.ActiveCfg = Release|Win32
		{1C28F9D1-662A-4D4A-BA8D-A8BF401BC4A6}.Release|x86.Build.0 = Release|Win32
		{377F0B9F-7C57-4467-BBEB-3B865FD76BAE}.Debug|x64.ActiveCfg = Debug|x64
		{377F0B9F-7C57-4467-BBEB-3B865FD76BAE}.Debug|x64.Build.0 = Debug|x64
		{377F0B9F-7C57-4467-BBEB-3B865FD76BAE}.Debug|x86.ActiveCfg = Debug|Win32
		{377F0B9F-7C57-4467-BBEB-3B865FD76BAE}.Debug|x86.Build.0 = Debug|Win32
		{377F0B9F-7C57-4467-BBEB-3B865FD76BAE}.Release|x64.ActiveCfg = Release|x64
		{377F0B9F-7C57-4467-BBEB-3B865FD76BAE}.Release|x64.Build.0 = Release|x64
		{377F0B9F-7C57-4467-BBEB-3B865FD76BAE}.Release|x86.ActiveCfg = Release|Win32
		{377F0B9F-7C57-4467-BBEB-3B865FD76BAE}.Release|x86.Build.0 = Release|Win32
	EndGlobalSection
	GlobalSection(SolutionProperties) = preSolution
		HideSolutionNode = FALSE
	EndGlobalSection
	GlobalSection(ExtensibilityGlobals) = postSolution
		SolutionGuid = {5533831E-5DAC-4BDF-A1BB-CB6725F195EC}
	EndGlobalSection
EndGlobal
